
Microsoft Visual Studio Solution File, Format Version 12.00
# Visual Studio Version 17
VisualStudioVersion = 17.14.36203.30
MinimumVisualStudioVersion = 10.0.40219.1
Project("{FAE04EC0-301F-11D3-BF4B-00C04F79EFBC}") = "HotPotPlayer2", "HotPotPlayer2\HotPotPlayer2.csproj", "{B15B981E-8FB1-4B35-9388-67AA880271AE}"
EndProject
Project("{FAE04EC0-301F-11D3-BF4B-00C04F79EFBC}") = "Mpv.NET", "ThirdParty\Mpv.NET-lib-\src\Mpv.NET\Mpv.NET.csproj", "{E7501631-6E68-6086-E58E-05355F4BCE8E}"
EndProject
Project("{FAE04EC0-301F-11D3-BF4B-00C04F79EFBC}") = "HotPotPlayer2.Native", "HotPotPlayer2.Native\HotPotPlayer2.Native.csproj", "{C72D057C-BF77-4B78-9E0E-7607E71FF406}"
EndProject
Project("{FAE04EC0-301F-11D3-BF4B-00C04F79EFBC}") = "HotPotPlayer2.Desktop", "HotPotPlayer2.Desktop\HotPotPlayer2.Desktop.csproj", "{698AA485-E7F0-4434-835A-C0C896E19CDF}"
EndProject
Project("{2150E333-8FDC-42A3-9474-1A3956D46DE8}") = "解决方案项", "解决方案项", "{9FA3D6BD-1EC1-3BA5-80CB-CE02773A58D5}"
	ProjectSection(SolutionItems) = preProject
		Directory.Packages.props = Directory.Packages.props
	EndProjectSection
EndProject
Global
	GlobalSection(SolutionConfigurationPlatforms) = preSolution
		Debug|Any CPU = Debug|Any CPU
		Release|Any CPU = Release|Any CPU
	EndGlobalSection
	GlobalSection(ProjectConfigurationPlatforms) = postSolution
		{B15B981E-8FB1-4B35-9388-67AA880271AE}.Debug|Any CPU.ActiveCfg = Debug|Any CPU
		{B15B981E-8FB1-4B35-9388-67AA880271AE}.Debug|Any CPU.Build.0 = Debug|Any CPU
		{B15B981E-8FB1-4B35-9388-67AA880271AE}.Release|Any CPU.ActiveCfg = Release|Any CPU
		{B15B981E-8FB1-4B35-9388-67AA880271AE}.Release|Any CPU.Build.0 = Release|Any CPU
		{E7501631-6E68-6086-E58E-05355F4BCE8E}.Debug|Any CPU.ActiveCfg = Debug|Any CPU
		{E7501631-6E68-6086-E58E-05355F4BCE8E}.Debug|Any CPU.Build.0 = Debug|Any CPU
		{E7501631-6E68-6086-E58E-05355F4BCE8E}.Release|Any CPU.ActiveCfg = Release|Any CPU
		{E7501631-6E68-6086-E58E-05355F4BCE8E}.Release|Any CPU.Build.0 = Release|Any CPU
		{C72D057C-BF77-4B78-9E0E-7607E71FF406}.Debug|Any CPU.ActiveCfg = Debug|Any CPU
		{C72D057C-BF77-4B78-9E0E-7607E71FF406}.Debug|Any CPU.Build.0 = Debug|Any CPU
		{C72D057C-BF77-4B78-9E0E-7607E71FF406}.Release|Any CPU.ActiveCfg = Release|Any CPU
		{C72D057C-BF77-4B78-9E0E-7607E71FF406}.Release|Any CPU.Build.0 = Release|Any CPU
		{698AA485-E7F0-4434-835A-C0C896E19CDF}.Debug|Any CPU.ActiveCfg = Debug|Any CPU
		{698AA485-E7F0-4434-835A-C0C896E19CDF}.Debug|Any CPU.Build.0 = Debug|Any CPU
		{698AA485-E7F0-4434-835A-C0C896E19CDF}.Release|Any CPU.ActiveCfg = Release|Any CPU
		{698AA485-E7F0-4434-835A-C0C896E19CDF}.Release|Any CPU.Build.0 = Release|Any CPU
	EndGlobalSection
	GlobalSection(SolutionProperties) = preSolution
		HideSolutionNode = FALSE
	EndGlobalSection
	GlobalSection(ExtensibilityGlobals) = postSolution
		SolutionGuid = {AF0446C2-2C6D-476B-878A-BB2E11CA3A04}
	EndGlobalSection
EndGlobal
